// !$*UTF8*$!
{
	archiveVersion = 1;
	classes = {
	};
	objectVersion = 46;
	objects = {

/* Begin PBXBuildFile section */
		2B29D87D1F2CACA400179A80 /* HomeViewController.m in Sources */ = {isa = PBXBuildFile; fileRef = 2B29D87C1F2CACA400179A80 /* HomeViewController.m */; };
		2B29D8801F2CACB200179A80 /* InfiniteViewController.m in Sources */ = {isa = PBXBuildFile; fileRef = 2B29D87F1F2CACB200179A80 /* InfiniteViewController.m */; };
		2B610FBE1F2A3E4700DF1A60 /* main.m in Sources */ = {isa = PBXBuildFile; fileRef = 2B610FBD1F2A3E4700DF1A60 /* main.m */; };
		2B610FC11F2A3E4700DF1A60 /* AppDelegate.m in Sources */ = {isa = PBXBuildFile; fileRef = 2B610FC01F2A3E4700DF1A60 /* AppDelegate.m */; };
		2B610FC41F2A3E4700DF1A60 /* ViewController.m in Sources */ = {isa = PBXBuildFile; fileRef = 2B610FC31F2A3E4700DF1A60 /* ViewController.m */; };
		2B610FC71F2A3E4700DF1A60 /* Main.storyboard in Resources */ = {isa = PBXBuildFile; fileRef = 2B610FC51F2A3E4700DF1A60 /* Main.storyboard */; };
		2B610FCA1F2A3E4700DF1A60 /* ScrollViewTask.xcdatamodeld in Sources */ = {isa = PBXBuildFile; fileRef = 2B610FC81F2A3E4700DF1A60 /* ScrollViewTask.xcdatamodeld */; };
		2B610FCC1F2A3E4700DF1A60 /* Assets.xcassets in Resources */ = {isa = PBXBuildFile; fileRef = 2B610FCB1F2A3E4700DF1A60 /* Assets.xcassets */; };
		2B610FCF1F2A3E4700DF1A60 /* LaunchScreen.storyboard in Resources */ = {isa = PBXBuildFile; fileRef = 2B610FCD1F2A3E4700DF1A60 /* LaunchScreen.storyboard */; };
		2B610FDA1F2A3E4700DF1A60 /* ScrollViewTaskTests.m in Sources */ = {isa = PBXBuildFile; fileRef = 2B610FD91F2A3E4700DF1A60 /* ScrollViewTaskTests.m */; };
		2B610FE51F2A3E4700DF1A60 /* ScrollViewTaskUITests.m in Sources */ = {isa = PBXBuildFile; fileRef = 2B610FE41F2A3E4700DF1A60 /* ScrollViewTaskUITests.m */; };
/* End PBXBuildFile section */

/* Begin PBXContainerItemProxy section */
		2B610FD61F2A3E4700DF1A60 /* PBXContainerItemProxy */ = {
			isa = PBXContainerItemProxy;
			containerPortal = 2B610FB11F2A3E4700DF1A60 /* Project object */;
			proxyType = 1;
			remoteGlobalIDString = 2B610FB81F2A3E4700DF1A60;
			remoteInfo = ScrollViewTask;
		};
		2B610FE11F2A3E4700DF1A60 /* PBXContainerItemProxy */ = {
			isa = PBXContainerItemProxy;
			containerPortal = 2B610FB11F2A3E4700DF1A60 /* Project object */;
			proxyType = 1;
			remoteGlobalIDString = 2B610FB81F2A3E4700DF1A60;
			remoteInfo = ScrollViewTask;
		};
/* End PBXContainerItemProxy section */

/* Begin PBXFileReference section */
		2B29D87B1F2CACA400179A80 /* HomeViewController.h */ = {isa = PBXFileReference; fileEncoding = 4; lastKnownFileType = sourcecode.c.h; path = HomeViewController.h; sourceTree = "<group>"; };
		2B29D87C1F2CACA400179A80 /* HomeViewController.m */ = {isa = PBXFileReference; fileEncoding = 4; lastKnownFileType = sourcecode.c.objc; path = HomeViewController.m; sourceTree = "<group>"; };
		2B29D87E1F2CACB200179A80 /* InfiniteViewController.h */ = {isa = PBXFileReference; fileEncoding = 4; lastKnownFileType = sourcecode.c.h; path = InfiniteViewController.h; sourceTree = "<group>"; };
		2B29D87F1F2CACB200179A80 /* InfiniteViewController.m */ = {isa = PBXFileReference; fileEncoding = 4; lastKnownFileType = sourcecode.c.objc; path = InfiniteViewController.m; sourceTree = "<group>"; };
		2B610FB91F2A3E4700DF1A60 /* ScrollViewTask.app */ = {isa = PBXFileReference; explicitFileType = wrapper.application; includeInIndex = 0; path = ScrollViewTask.app; sourceTree = BUILT_PRODUCTS_DIR; };
		2B610FBD1F2A3E4700DF1A60 /* main.m */ = {isa = PBXFileReference; lastKnownFileType = sourcecode.c.objc; path = main.m; sourceTree = "<group>"; };
		2B610FBF1F2A3E4700DF1A60 /* AppDelegate.h */ = {isa = PBXFileReference; lastKnownFileType = sourcecode.c.h; path = AppDelegate.h; sourceTree = "<group>"; };
		2B610FC01F2A3E4700DF1A60 /* AppDelegate.m */ = {isa = PBXFileReference; lastKnownFileType = sourcecode.c.objc; path = AppDelegate.m; sourceTree = "<group>"; };
		2B610FC21F2A3E4700DF1A60 /* ViewController.h */ = {isa = PBXFileReference; lastKnownFileType = sourcecode.c.h; path = ViewController.h; sourceTree = "<group>"; };
		2B610FC31F2A3E4700DF1A60 /* ViewController.m */ = {isa = PBXFileReference; lastKnownFileType = sourcecode.c.objc; path = ViewController.m; sourceTree = "<group>"; };
		2B610FC61F2A3E4700DF1A60 /* Base */ = {isa = PBXFileReference; lastKnownFileType = file.storyboard; name = Base; path = Base.lproj/Main.storyboard; sourceTree = "<group>"; };
		2B610FC91F2A3E4700DF1A60 /* ScrollViewTask.xcdatamodel */ = {isa = PBXFileReference; lastKnownFileType = wrapper.xcdatamodel; path = ScrollViewTask.xcdatamodel; sourceTree = "<group>"; };
		2B610FCB1F2A3E4700DF1A60 /* Assets.xcassets */ = {isa = PBXFileReference; lastKnownFileType = folder.assetcatalog; path = Assets.xcassets; sourceTree = "<group>"; };
		2B610FCE1F2A3E4700DF1A60 /* Base */ = {isa = PBXFileReference; lastKnownFileType = file.storyboard; name = Base; path = Base.lproj/LaunchScreen.storyboard; sourceTree = "<group>"; };
		2B610FD01F2A3E4700DF1A60 /* Info.plist */ = {isa = PBXFileReference; lastKnownFileType = text.plist.xml; path = Info.plist; sourceTree = "<group>"; };
		2B610FD51F2A3E4700DF1A60 /* ScrollViewTaskTests.xctest */ = {isa = PBXFileReference; explicitFileType = wrapper.cfbundle; includeInIndex = 0; path = ScrollViewTaskTests.xctest; sourceTree = BUILT_PRODUCTS_DIR; };
		2B610FD91F2A3E4700DF1A60 /* ScrollViewTaskTests.m */ = {isa = PBXFileReference; lastKnownFileType = sourcecode.c.objc; path = ScrollViewTaskTests.m; sourceTree = "<group>"; };
		2B610FDB1F2A3E4700DF1A60 /* Info.plist */ = {isa = PBXFileReference; lastKnownFileType = text.plist.xml; path = Info.plist; sourceTree = "<group>"; };
		2B610FE01F2A3E4700DF1A60 /* ScrollViewTaskUITests.xctest */ = {isa = PBXFileReference; explicitFileType = wrapper.cfbundle; includeInIndex = 0; path = ScrollViewTaskUITests.xctest; sourceTree = BUILT_PRODUCTS_DIR; };
		2B610FE41F2A3E4700DF1A60 /* ScrollViewTaskUITests.m */ = {isa = PBXFileReference; lastKnownFileType = sourcecode.c.objc; path = ScrollViewTaskUITests.m; sourceTree = "<group>"; };
		2B610FE61F2A3E4700DF1A60 /* Info.plist */ = {isa = PBXFileReference; lastKnownFileType = text.plist.xml; path = Info.plist; sourceTree = "<group>"; };
/* End PBXFileReference section */

/* Begin PBXFrameworksBuildPhase section */
		2B610FB61F2A3E4700DF1A60 /* Frameworks */ = {
			isa = PBXFrameworksBuildPhase;
			buildActionMask = 2147483647;
			files = (
			);
			runOnlyForDeploymentPostprocessing = 0;
		};
		2B610FD21F2A3E4700DF1A60 /* Frameworks */ = {
			isa = PBXFrameworksBuildPhase;
			buildActionMask = 2147483647;
			files = (
			);
			runOnlyForDeploymentPostprocessing = 0;
		};
		2B610FDD1F2A3E4700DF1A60 /* Frameworks */ = {
			isa = PBXFrameworksBuildPhase;
			buildActionMask = 2147483647;
			files = (
			);
			runOnlyForDeploymentPostprocessing = 0;
		};
/* End PBXFrameworksBuildPhase section */

/* Begin PBXGroup section */
		2B610FB01F2A3E4700DF1A60 = {
			isa = PBXGroup;
			children = (
				2B610FBB1F2A3E4700DF1A60 /* ScrollViewTask */,
				2B610FD81F2A3E4700DF1A60 /* ScrollViewTaskTests */,
				2B610FE31F2A3E4700DF1A60 /* ScrollViewTaskUITests */,
				2B610FBA1F2A3E4700DF1A60 /* Products */,
			);
			sourceTree = "<group>";
		};
		2B610FBA1F2A3E4700DF1A60 /* Products */ = {
			isa = PBXGroup;
			children = (
				2B610FB91F2A3E4700DF1A60 /* ScrollViewTask.app */,
				2B610FD51F2A3E4700DF1A60 /* ScrollViewTaskTests.xctest */,
				2B610FE01F2A3E4700DF1A60 /* ScrollViewTaskUITests.xctest */,
			);
			name = Products;
			sourceTree = "<group>";
		};
		2B610FBB1F2A3E4700DF1A60 /* ScrollViewTask */ = {
			isa = PBXGroup;
			children = (
				2B610FBF1F2A3E4700DF1A60 /* AppDelegate.h */,
				2B610FC01F2A3E4700DF1A60 /* AppDelegate.m */,
				2B610FC21F2A3E4700DF1A60 /* ViewController.h */,
				2B610FC31F2A3E4700DF1A60 /* ViewController.m */,
				2B610FC51F2A3E4700DF1A60 /* Main.storyboard */,
				2B29D87B1F2CACA400179A80 /* HomeViewController.h */,
				2B29D87C1F2CACA400179A80 /* HomeViewController.m */,
				2B29D87E1F2CACB200179A80 /* InfiniteViewController.h */,
				2B29D87F1F2CACB200179A80 /* InfiniteViewController.m */,
				2B610FCB1F2A3E4700DF1A60 /* Assets.xcassets */,
				2B610FCD1F2A3E4700DF1A60 /* LaunchScreen.storyboard */,
				2B610FD01F2A3E4700DF1A60 /* Info.plist */,
				2B610FC81F2A3E4700DF1A60 /* ScrollViewTask.xcdatamodeld */,
				2B610FBC1F2A3E4700DF1A60 /* Supporting Files */,
			);
			path = ScrollViewTask;
			sourceTree = "<group>";
		};
		2B610FBC1F2A3E4700DF1A60 /* Supporting Files */ = {
			isa = PBXGroup;
			children = (
				2B610FBD1F2A3E4700DF1A60 /* main.m */,
			);
			name = "Supporting Files";
			sourceTree = "<group>";
		};
		2B610FD81F2A3E4700DF1A60 /* ScrollViewTaskTests */ = {
			isa = PBXGroup;
			children = (
				2B610FD91F2A3E4700DF1A60 /* ScrollViewTaskTests.m */,
				2B610FDB1F2A3E4700DF1A60 /* Info.plist */,
			);
			path = ScrollViewTaskTests;
			sourceTree = "<group>";
		};
		2B610FE31F2A3E4700DF1A60 /* ScrollViewTaskUITests */ = {
			isa = PBXGroup;
			children = (
				2B610FE41F2A3E4700DF1A60 /* ScrollViewTaskUITests.m */,
				2B610FE61F2A3E4700DF1A60 /* Info.plist */,
			);
			path = ScrollViewTaskUITests;
			sourceTree = "<group>";
		};
/* End PBXGroup section */

/* Begin PBXNativeTarget section */
		2B610FB81F2A3E4700DF1A60 /* ScrollViewTask */ = {
			isa = PBXNativeTarget;
			buildConfigurationList = 2B610FE91F2A3E4700DF1A60 /* Build configuration list for PBXNativeTarget "ScrollViewTask" */;
			buildPhases = (
				2B610FB51F2A3E4700DF1A60 /* Sources */,
				2B610FB61F2A3E4700DF1A60 /* Frameworks */,
				2B610FB71F2A3E4700DF1A60 /* Resources */,
			);
			buildRules = (
			);
			dependencies = (
			);
			name = ScrollViewTask;
			productName = ScrollViewTask;
			productReference = 2B610FB91F2A3E4700DF1A60 /* ScrollViewTask.app */;
			productType = "com.apple.product-type.application";
		};
		2B610FD41F2A3E4700DF1A60 /* ScrollViewTaskTests */ = {
			isa = PBXNativeTarget;
			buildConfigurationList = 2B610FEC1F2A3E4700DF1A60 /* Build configuration list for PBXNativeTarget "ScrollViewTaskTests" */;
			buildPhases = (
				2B610FD11F2A3E4700DF1A60 /* Sources */,
				2B610FD21F2A3E4700DF1A60 /* Frameworks */,
				2B610FD31F2A3E4700DF1A60 /* Resources */,
			);
			buildRules = (
			);
			dependencies = (
				2B610FD71F2A3E4700DF1A60 /* PBXTargetDependency */,
			);
			name = ScrollViewTaskTests;
			productName = ScrollViewTaskTests;
			productReference = 2B610FD51F2A3E4700DF1A60 /* ScrollViewTaskTests.xctest */;
			productType = "com.apple.product-type.bundle.unit-test";
		};
		2B610FDF1F2A3E4700DF1A60 /* ScrollViewTaskUITests */ = {
			isa = PBXNativeTarget;
			buildConfigurationList = 2B610FEF1F2A3E4700DF1A60 /* Build configuration list for PBXNativeTarget "ScrollViewTaskUITests" */;
			buildPhases = (
				2B610FDC1F2A3E4700DF1A60 /* Sources */,
				2B610FDD1F2A3E4700DF1A60 /* Frameworks */,
				2B610FDE1F2A3E4700DF1A60 /* Resources */,
			);
			buildRules = (
			);
			dependencies = (
				2B610FE21F2A3E4700DF1A60 /* PBXTargetDependency */,
			);
			name = ScrollViewTaskUITests;
			productName = ScrollViewTaskUITests;
			productReference = 2B610FE01F2A3E4700DF1A60 /* ScrollViewTaskUITests.xctest */;
			productType = "com.apple.product-type.bundle.ui-testing";
		};
/* End PBXNativeTarget section */

/* Begin PBXProject section */
		2B610FB11F2A3E4700DF1A60 /* Project object */ = {
			isa = PBXProject;
			attributes = {
				LastUpgradeCheck = 0830;
				ORGANIZATIONNAME = tharzeez;
				TargetAttributes = {
					2B610FB81F2A3E4700DF1A60 = {
						CreatedOnToolsVersion = 8.3.3;
						DevelopmentTeam = 4Y67BLAXMX;
						ProvisioningStyle = Automatic;
					};
					2B610FD41F2A3E4700DF1A60 = {
						CreatedOnToolsVersion = 8.3.3;
						DevelopmentTeam = 4Y67BLAXMX;
						ProvisioningStyle = Automatic;
						TestTargetID = 2B610FB81F2A3E4700DF1A60;
					};
					2B610FDF1F2A3E4700DF1A60 = {
						CreatedOnToolsVersion = 8.3.3;
						DevelopmentTeam = 4Y67BLAXMX;
						ProvisioningStyle = Automatic;
						TestTargetID = 2B610FB81F2A3E4700DF1A60;
					};
				};
			};
			buildConfigurationList = 2B610FB41F2A3E4700DF1A60 /* Build configuration list for PBXProject "ScrollViewTask" */;
			compatibilityVersion = "Xcode 3.2";
			developmentRegion = English;
			hasScannedForEncodings = 0;
			knownRegions = (
				en,
				Base,
			);
			mainGroup = 2B610FB01F2A3E4700DF1A60;
			productRefGroup = 2B610FBA1F2A3E4700DF1A60 /* Products */;
			projectDirPath = "";
			projectRoot = "";
			targets = (
				2B610FB81F2A3E4700DF1A60 /* ScrollViewTask */,
				2B610FD41F2A3E4700DF1A60 /* ScrollViewTaskTests */,
				2B610FDF1F2A3E4700DF1A60 /* ScrollViewTaskUITests */,
			);
		};
/* End PBXProject section */

/* Begin PBXResourcesBuildPhase section */
		2B610FB71F2A3E4700DF1A60 /* Resources */ = {
			isa = PBXResourcesBuildPhase;
			buildActionMask = 2147483647;
			files = (
				2B610FCF1F2A3E4700DF1A60 /* LaunchScreen.storyboard in Resources */,
				2B610FCC1F2A3E4700DF1A60 /* Assets.xcassets in Resources */,
				2B610FC71F2A3E4700DF1A60 /* Main.storyboard in Resources */,
			);
			runOnlyForDeploymentPostprocessing = 0;
		};
		2B610FD31F2A3E4700DF1A60 /* Resources */ = {
			isa = PBXResourcesBuildPhase;
			buildActionMask = 2147483647;
			files = (
			);
			runOnlyForDeploymentPostprocessing = 0;
		};
		2B610FDE1F2A3E4700DF1A60 /* Resources */ = {
			isa = PBXResourcesBuildPhase;
			buildActionMask = 2147483647;
			files = (
			);
			runOnlyForDeploymentPostprocessing = 0;
		};
/* End PBXResourcesBuildPhase section */

/* Begin PBXSourcesBuildPhase section */
		2B610FB51F2A3E4700DF1A60 /* Sources */ = {
			isa = PBXSourcesBuildPhase;
			buildActionMask = 2147483647;
			files = (
				2B610FCA1F2A3E4700DF1A60 /* ScrollViewTask.xcdatamodeld in Sources */,
				2B610FC41F2A3E4700DF1A60 /* ViewController.m in Sources */,
				2B29D8801F2CACB200179A80 /* InfiniteViewController.m in Sources */,
				2B610FC11F2A3E4700DF1A60 /* AppDelegate.m in Sources */,
				2B29D87D1F2CACA400179A80 /* HomeViewController.m in Sources */,
				2B610FBE1F2A3E4700DF1A60 /* main.m in Sources */,
			);
			runOnlyForDeploymentPostprocessing = 0;
		};
		2B610FD11F2A3E4700DF1A60 /* Sources */ = {
			isa = PBXSourcesBuildPhase;
			buildActionMask = 2147483647;
			files = (
				2B610FDA1F2A3E4700DF1A60 /* ScrollViewTaskTests.m in Sources */,
			);
			runOnlyForDeploymentPostprocessing = 0;
		};
		2B610FDC1F2A3E4700DF1A60 /* Sources */ = {
			isa = PBXSourcesBuildPhase;
			buildActionMask = 2147483647;
			files = (
				2B610FE51F2A3E4700DF1A60 /* ScrollViewTaskUITests.m in Sources */,
			);
			runOnlyForDeploymentPostprocessing = 0;
		};
/* End PBXSourcesBuildPhase section */

/* Begin PBXTargetDependency section */
		2B610FD71F2A3E4700DF1A60 /* PBXTargetDependency */ = {
			isa = PBXTargetDependency;
			target = 2B610FB81F2A3E4700DF1A60 /* ScrollViewTask */;
			targetProxy = 2B610FD61F2A3E4700DF1A60 /* PBXContainerItemProxy */;
		};
		2B610FE21F2A3E4700DF1A60 /* PBXTargetDependency */ = {
			isa = PBXTargetDependency;
			target = 2B610FB81F2A3E4700DF1A60 /* ScrollViewTask */;
			targetProxy = 2B610FE11F2A3E4700DF1A60 /* PBXContainerItemProxy */;
		};
/* End PBXTargetDependency section */

/* Begin PBXVariantGroup section */
		2B610FC51F2A3E4700DF1A60 /* Main.storyboard */ = {
			isa = PBXVariantGroup;
			children = (
				2B610FC61F2A3E4700DF1A60 /* Base */,
			);
			name = Main.storyboard;
			sourceTree = "<group>";
		};
		2B610FCD1F2A3E4700DF1A60 /* LaunchScreen.storyboard */ = {
			isa = PBXVariantGroup;
			children = (
				2B610FCE1F2A3E4700DF1A60 /* Base */,
			);
			name = LaunchScreen.storyboard;
			sourceTree = "<group>";
		};
/* End PBXVariantGroup section */

/* Begin XCBuildConfiguration section */
		2B610FE71F2A3E4700DF1A60 /* Debug */ = {
			isa = XCBuildConfiguration;
			buildSettings = {
				ALWAYS_SEARCH_USER_PATHS = NO;
				CLANG_ANALYZER_NONNULL = YES;
				CLANG_ANALYZER_NUMBER_OBJECT_CONVERSION = YES_AGGRESSIVE;
				CLANG_CXX_LANGUAGE_STANDARD = "gnu++0x";
				CLANG_CXX_LIBRARY = "libc++";
				CLANG_ENABLE_MODULES = YES;
				CLANG_ENABLE_OBJC_ARC = YES;
				CLANG_WARN_BOOL_CONVERSION = YES;
				CLANG_WARN_CONSTANT_CONVERSION = YES;
				CLANG_WARN_DIRECT_OBJC_ISA_USAGE = YES_ERROR;
				CLANG_WARN_DOCUMENTATION_COMMENTS = YES;
				CLANG_WARN_EMPTY_BODY = YES;
				CLANG_WARN_ENUM_CONVERSION = YES;
				CLANG_WARN_INFINITE_RECURSION = YES;
				CLANG_WARN_INT_CONVERSION = YES;
				CLANG_WARN_OBJC_ROOT_CLASS = YES_ERROR;
				CLANG_WARN_SUSPICIOUS_MOVE = YES;
				CLANG_WARN_UNREACHABLE_CODE = YES;
				CLANG_WARN__DUPLICATE_METHOD_MATCH = YES;
				"CODE_SIGN_IDENTITY[sdk=iphoneos*]" = "iPhone Developer";
				COPY_PHASE_STRIP = NO;
				DEBUG_INFORMATION_FORMAT = dwarf;
				ENABLE_STRICT_OBJC_MSGSEND = YES;
				ENABLE_TESTABILITY = YES;
				GCC_C_LANGUAGE_STANDARD = gnu99;
				GCC_DYNAMIC_NO_PIC = NO;
				GCC_NO_COMMON_BLOCKS = YES;
				GCC_OPTIMIZATION_LEVEL = 0;
				GCC_PREPROCESSOR_DEFINITIONS = (
					"DEBUG=1",
					"$(inherited)",
				);
				GCC_WARN_64_TO_32_BIT_CONVERSION = YES;
				GCC_WARN_ABOUT_RETURN_TYPE = YES_ERROR;
				GCC_WARN_UNDECLARED_SELECTOR = YES;
				GCC_WARN_UNINITIALIZED_AUTOS = YES_AGGRESSIVE;
				GCC_WARN_UNUSED_FUNCTION = YES;
				GCC_WARN_UNUSED_VARIABLE = YES;
				IPHONEOS_DEPLOYMENT_TARGET = 10.3;
				MTL_ENABLE_DEBUG_INFO = YES;
				ONLY_ACTIVE_ARCH = YES;
				SDKROOT = iphoneos;
				TARGETED_DEVICE_FAMILY = "1,2";
			};
			name = Debug;
		};
		2B610FE81F2A3E4700DF1A60 /* Release */ = {
			isa = XCBuildConfiguration;
			buildSettings = {
				ALWAYS_SEARCH_USER_PATHS = NO;
				CLANG_ANALYZER_NONNULL = YES;
				CLANG_ANALYZER_NUMBER_OBJECT_CONVERSION = YES_AGGRESSIVE;
				CLANG_CXX_LANGUAGE_STANDARD = "gnu++0x";
				CLANG_CXX_LIBRARY = "libc++";
				CLANG_ENABLE_MODULES = YES;
				CLANG_ENABLE_OBJC_ARC = YES;
				CLANG_WARN_BOOL_CONVERSION = YES;
				CLANG_WARN_CONSTANT_CONVERSION = YES;
				CLANG_WARN_DIRECT_OBJC_ISA_USAGE = YES_ERROR;
				CLANG_WARN_DOCUMENTATION_COMMENTS = YES;
				CLANG_WARN_EMPTY_BODY = YES;
				CLANG_WARN_ENUM_CONVERSION = YES;
				CLANG_WARN_INFINITE_RECURSION = YES;
				CLANG_WARN_INT_CONVERSION = YES;
				CLANG_WARN_OBJC_ROOT_CLASS = YES_ERROR;
				CLANG_WARN_SUSPICIOUS_MOVE = YES;
				CLANG_WARN_UNREACHABLE_CODE = YES;
				CLANG_WARN__DUPLICATE_METHOD_MATCH = YES;
				"CODE_SIGN_IDENTITY[sdk=iphoneos*]" = "iPhone Developer";
				COPY_PHASE_STRIP = NO;
				DEBUG_INFORMATION_FORMAT = "dwarf-with-dsym";
				ENABLE_NS_ASSERTIONS = NO;
				ENABLE_STRICT_OBJC_MSGSEND = YES;
				GCC_C_LANGUAGE_STANDARD = gnu99;
				GCC_NO_COMMON_BLOCKS = YES;
				GCC_WARN_64_TO_32_BIT_CONVERSION = YES;
				GCC_WARN_ABOUT_RETURN_TYPE = YES_ERROR;
				GCC_WARN_UNDECLARED_SELECTOR = YES;
				GCC_WARN_UNINITIALIZED_AUTOS = YES_AGGRESSIVE;
				GCC_WARN_UNUSED_FUNCTION = YES;
				GCC_WARN_UNUSED_VARIABLE = YES;
				IPHONEOS_DEPLOYMENT_TARGET = 10.3;
				MTL_ENABLE_DEBUG_INFO = NO;
				SDKROOT = iphoneos;
				TARGETED_DEVICE_FAMILY = "1,2";
				VALIDATE_PRODUCT = YES;
			};
			name = Release;
		};
		2B610FEA1F2A3E4700DF1A60 /* Debug */ = {
			isa = XCBuildConfiguration;
			buildSettings = {
				ASSETCATALOG_COMPILER_APPICON_NAME = AppIcon;
				DEVELOPMENT_TEAM = 4Y67BLAXMX;
				INFOPLIST_FILE = ScrollViewTask/Info.plist;
				LD_RUNPATH_SEARCH_PATHS = "$(inherited) @executable_path/Frameworks";
				PRODUCT_BUNDLE_IDENTIFIER = com.Tharzeez.ScrollViewTask;
				PRODUCT_NAME = "$(TARGET_NAME)";
			};
			name = Debug;
		};
		2B610FEB1F2A3E4700DF1A60 /* Release */ = {
			isa = XCBuildConfiguration;
			buildSettings = {
				ASSETCATALOG_COMPILER_APPICON_NAME = AppIcon;
				DEVELOPMENT_TEAM = 4Y67BLAXMX;
				INFOPLIST_FILE = ScrollViewTask/Info.plist;
				LD_RUNPATH_SEARCH_PATHS = "$(inherited) @executable_path/Frameworks";
				PRODUCT_BUNDLE_IDENTIFIER = com.Tharzeez.ScrollViewTask;
				PRODUCT_NAME = "$(TARGET_NAME)";
			};
			name = Release;
		};
		2B610FED1F2A3E4700DF1A60 /* Debug */ = {
			isa = XCBuildConfiguration;
			buildSettings = {
				BUNDLE_LOADER = "$(TEST_HOST)";
				DEVELOPMENT_TEAM = 4Y67BLAXMX;
				INFOPLIST_FILE = ScrollViewTaskTests/Info.plist;
				LD_RUNPATH_SEARCH_PATHS = "$(inherited) @executable_path/Frameworks @loader_path/Frameworks";
				PRODUCT_BUNDLE_IDENTIFIER = com.Tharzeez.ScrollViewTaskTests;
				PRODUCT_NAME = "$(TARGET_NAME)";
				TEST_HOST = "$(BUILT_PRODUCTS_DIR)/ScrollViewTask.app/ScrollViewTask";
			};
			name = Debug;
		};
		2B610FEE1F2A3E4700DF1A60 /* Release */ = {
			isa = XCBuildConfiguration;
			buildSettings = {
				BUNDLE_LOADER = "$(TEST_HOST)";
				DEVELOPMENT_TEAM = 4Y67BLAXMX;
				INFOPLIST_FILE = ScrollViewTaskTests/Info.plist;
				LD_RUNPATH_SEARCH_PATHS = "$(inherited) @executable_path/Frameworks @loader_path/Frameworks";
				PRODUCT_BUNDLE_IDENTIFIER = com.Tharzeez.ScrollViewTaskTests;
				PRODUCT_NAME = "$(TARGET_NAME)";
				TEST_HOST = "$(BUILT_PRODUCTS_DIR)/ScrollViewTask.app/ScrollViewTask";
			};
			name = Release;
		};
		2B610FF01F2A3E4700DF1A60 /* Debug */ = {
			isa = XCBuildConfiguration;
			buildSettings = {
				DEVELOPMENT_TEAM = 4Y67BLAXMX;
				INFOPLIST_FILE = ScrollViewTaskUITests/Info.plist;
				LD_RUNPATH_SEARCH_PATHS = "$(inherited) @executable_path/Frameworks @loader_path/Frameworks";
				PRODUCT_BUNDLE_IDENTIFIER = com.Tharzeez.ScrollViewTaskUITests;
				PRODUCT_NAME = "$(TARGET_NAME)";
				TEST_TARGET_NAME = ScrollViewTask;
			};
			name = Debug;
		};
		2B610FF11F2A3E4700DF1A60 /* Release */ = {
			isa = XCBuildConfiguration;
			buildSettings = {
				DEVELOPMENT_TEAM = 4Y67BLAXMX;
				INFOPLIST_FILE = ScrollViewTaskUITests/Info.plist;
				LD_RUNPATH_SEARCH_PATHS = "$(inherited) @executable_path/Frameworks @loader_path/Frameworks";
				PRODUCT_BUNDLE_IDENTIFIER = com.Tharzeez.ScrollViewTaskUITests;
				PRODUCT_NAME = "$(TARGET_NAME)";
				TEST_TARGET_NAME = ScrollViewTask;
			};
			name = Release;
		};
/* End XCBuildConfiguration section */

/* Begin XCConfigurationList section */
		2B610FB41F2A3E4700DF1A60 /* Build configuration list for PBXProject "ScrollViewTask" */ = {
			isa = XCConfigurationList;
			buildConfigurations = (
				2B610FE71F2A3E4700DF1A60 /* Debug */,
				2B610FE81F2A3E4700DF1A60 /* Release */,
			);
			defaultConfigurationIsVisible = 0;
			defaultConfigurationName = Release;
		};
		2B610FE91F2A3E4700DF1A60 /* Build configuration list for PBXNativeTarget "ScrollViewTask" */ = {
			isa = XCConfigurationList;
			buildConfigurations = (
				2B610FEA1F2A3E4700DF1A60 /* Debug */,
				2B610FEB1F2A3E4700DF1A60 /* Release */,
			);
			defaultConfigurationIsVisible = 0;
			defaultConfigurationName = Release;
		};
		2B610FEC1F2A3E4700DF1A60 /* Build configuration list for PBXNativeTarget "ScrollViewTaskTests" */ = {
			isa = XCConfigurationList;
			buildConfigurations = (
				2B610FED1F2A3E4700DF1A60 /* Debug */,
				2B610FEE1F2A3E4700DF1A60 /* Release */,
			);
			defaultConfigurationIsVisible = 0;
			defaultConfigurationName = Release;
		};
		2B610FEF1F2A3E4700DF1A60 /* Build configuration list for PBXNativeTarget "ScrollViewTaskUITests" */ = {
			isa = XCConfigurationList;
			buildConfigurations = (
				2B610FF01F2A3E4700DF1A60 /* Debug */,
				2B610FF11F2A3E4700DF1A60 /* Release */,
			);
			defaultConfigurationIsVisible = 0;
			defaultConfigurationName = Release;
		};
/* End XCConfigurationList section */

/* Begin XCVersionGroup section */
		2B610FC81F2A3E4700DF1A60 /* ScrollViewTask.xcdatamodeld */ = {
			isa = XCVersionGroup;
			children = (
				2B610FC91F2A3E4700DF1A60 /* ScrollViewTask.xcdatamodel */,
			);
			currentVersion = 2B610FC91F2A3E4700DF1A60 /* ScrollViewTask.xcdatamodel */;
			path = ScrollViewTask.xcdatamodeld;
			sourceTree = "<group>";
			versionGroupType = wrapper.xcdatamodel;
		};
/* End XCVersionGroup section */
	};
	rootObject = 2B610FB11F2A3E4700DF1A60 /* Project object */;
}
